// !$*UTF8*$!
{
	archiveVersion = 1;
	classes = {
	};
	objectVersion = 50;
	objects = {

/* Begin PBXBuildFile section */
		FC39D13E226B28CA006E4DCD /* En_BaseVC.m in Sources */ = {isa = PBXBuildFile; fileRef = FC39D13D226B28CA006E4DCD /* En_BaseVC.m */; };
		FC39D141226BF39C006E4DCD /* En_NumConBar.m in Sources */ = {isa = PBXBuildFile; fileRef = FC39D140226BF39C006E4DCD /* En_NumConBar.m */; };
		FC39D143226BF3AF006E4DCD /* En_NumConBar.xib in Resources */ = {isa = PBXBuildFile; fileRef = FC39D142226BF3AF006E4DCD /* En_NumConBar.xib */; };
		FC39D14C226C026E006E4DCD /* En_NumRateView.m in Sources */ = {isa = PBXBuildFile; fileRef = FC39D14B226C026E006E4DCD /* En_NumRateView.m */; };
		FC39D14F226C0296006E4DCD /* En_NumRangeView.m in Sources */ = {isa = PBXBuildFile; fileRef = FC39D14E226C0296006E4DCD /* En_NumRangeView.m */; };
		FC39D153226C0353006E4DCD /* En_NumRangeCell.m in Sources */ = {isa = PBXBuildFile; fileRef = FC39D151226C0353006E4DCD /* En_NumRangeCell.m */; };
		FC39D154226C0353006E4DCD /* En_NumRangeCell.xib in Resources */ = {isa = PBXBuildFile; fileRef = FC39D152226C0353006E4DCD /* En_NumRangeCell.xib */; };
		FC39D157226C0529006E4DCD /* En_NumRangeCModel.m in Sources */ = {isa = PBXBuildFile; fileRef = FC39D156226C0529006E4DCD /* En_NumRangeCModel.m */; };
		FC39D15B226C19C0006E4DCD /* En_NumRateCell.m in Sources */ = {isa = PBXBuildFile; fileRef = FC39D159226C19C0006E4DCD /* En_NumRateCell.m */; };
		FC39D15C226C19C0006E4DCD /* En_NumRateCell.xib in Resources */ = {isa = PBXBuildFile; fileRef = FC39D15A226C19C0006E4DCD /* En_NumRateCell.xib */; };
		FC39D15F226C19D6006E4DCD /* En_NumRateCModel.m in Sources */ = {isa = PBXBuildFile; fileRef = FC39D15E226C19D6006E4DCD /* En_NumRateCModel.m */; };
		FC39D162226C5553006E4DCD /* En_NumAnswerView.m in Sources */ = {isa = PBXBuildFile; fileRef = FC39D161226C5553006E4DCD /* En_NumAnswerView.m */; };
		FC39D166226C573B006E4DCD /* En_NumAnCell.m in Sources */ = {isa = PBXBuildFile; fileRef = FC39D164226C573B006E4DCD /* En_NumAnCell.m */; };
		FC39D167226C573B006E4DCD /* En_NumAnCell.xib in Resources */ = {isa = PBXBuildFile; fileRef = FC39D165226C573B006E4DCD /* En_NumAnCell.xib */; };
		FC39D16A226C5835006E4DCD /* En_NumAnModel.m in Sources */ = {isa = PBXBuildFile; fileRef = FC39D169226C5835006E4DCD /* En_NumAnModel.m */; };
		FC39D16D226C62C5006E4DCD /* En_NumOptView.m in Sources */ = {isa = PBXBuildFile; fileRef = FC39D16C226C62C5006E4DCD /* En_NumOptView.m */; };
		FC39D171226C6690006E4DCD /* En_NumOptCell.m in Sources */ = {isa = PBXBuildFile; fileRef = FC39D16F226C6690006E4DCD /* En_NumOptCell.m */; };
		FC39D172226C6690006E4DCD /* En_NumOptCell.xib in Resources */ = {isa = PBXBuildFile; fileRef = FC39D170226C6690006E4DCD /* En_NumOptCell.xib */; };
		FC39D175226C6782006E4DCD /* En_NumOptCModel.m in Sources */ = {isa = PBXBuildFile; fileRef = FC39D174226C6782006E4DCD /* En_NumOptCModel.m */; };
		FC39D17B226DA619006E4DCD /* En_NumSouMo.m in Sources */ = {isa = PBXBuildFile; fileRef = FC39D17A226DA619006E4DCD /* En_NumSouMo.m */; };
		FC401EB2226B0BD70000C194 /* En_MainSetView.xib in Resources */ = {isa = PBXBuildFile; fileRef = FC401EB1226B0BD70000C194 /* En_MainSetView.xib */; };
		FC401EB8226B0D480000C194 /* En_NumVC.m in Sources */ = {isa = PBXBuildFile; fileRef = FC401EB7226B0D480000C194 /* En_NumVC.m */; };
		FC61EE732269EB3600D0DA44 /* AppDelegate.m in Sources */ = {isa = PBXBuildFile; fileRef = FC61EE722269EB3600D0DA44 /* AppDelegate.m */; };
		FC61EE7B2269EB3800D0DA44 /* Assets.xcassets in Resources */ = {isa = PBXBuildFile; fileRef = FC61EE7A2269EB3800D0DA44 /* Assets.xcassets */; };
		FC61EE7E2269EB3800D0DA44 /* LaunchScreen.storyboard in Resources */ = {isa = PBXBuildFile; fileRef = FC61EE7C2269EB3800D0DA44 /* LaunchScreen.storyboard */; };
		FC61EE812269EB3800D0DA44 /* main.m in Sources */ = {isa = PBXBuildFile; fileRef = FC61EE802269EB3800D0DA44 /* main.m */; };
		FC61EE902269EBD600D0DA44 /* En_MainPageVC.m in Sources */ = {isa = PBXBuildFile; fileRef = FC61EE8F2269EBD600D0DA44 /* En_MainPageVC.m */; };
		FC61EE932269ED4D00D0DA44 /* En_MainPageView.m in Sources */ = {isa = PBXBuildFile; fileRef = FC61EE922269ED4D00D0DA44 /* En_MainPageView.m */; };
		FC61EE952269ED5600D0DA44 /* En_MainPageView.xib in Resources */ = {isa = PBXBuildFile; fileRef = FC61EE942269ED5600D0DA44 /* En_MainPageView.xib */; };
		FC61EEA2226AB29E00D0DA44 /* NSString+Additions.m in Sources */ = {isa = PBXBuildFile; fileRef = FC61EE98226AB29E00D0DA44 /* NSString+Additions.m */; };
		FC61EEA3226AB29E00D0DA44 /* UIColor+Hex.m in Sources */ = {isa = PBXBuildFile; fileRef = FC61EE99226AB29E00D0DA44 /* UIColor+Hex.m */; };
		FC61EEA4226AB29E00D0DA44 /* UIView+Frame.m in Sources */ = {isa = PBXBuildFile; fileRef = FC61EE9A226AB29E00D0DA44 /* UIView+Frame.m */; };
		FC61EEAA226AB43200D0DA44 /* En_Const.m in Sources */ = {isa = PBXBuildFile; fileRef = FC61EEA9226AB43200D0DA44 /* En_Const.m */; };
		FC61EEB1226B022F00D0DA44 /* En_MainSetVC.m in Sources */ = {isa = PBXBuildFile; fileRef = FC61EEB0226B022F00D0DA44 /* En_MainSetVC.m */; };
		FC61EEB4226B025500D0DA44 /* En_MainSetView.m in Sources */ = {isa = PBXBuildFile; fileRef = FC61EEB3226B025500D0DA44 /* En_MainSetView.m */; };
		FCA9EE3F2271514E0075D804 /* En_NumEnterView.m in Sources */ = {isa = PBXBuildFile; fileRef = FCA9EE3E2271514E0075D804 /* En_NumEnterView.m */; };
		FCA9EE41227151610075D804 /* En_NumEnterView.xib in Resources */ = {isa = PBXBuildFile; fileRef = FCA9EE40227151610075D804 /* En_NumEnterView.xib */; };
		FCA9EE4422715EDE0075D804 /* En_NumEnterVC.m in Sources */ = {isa = PBXBuildFile; fileRef = FCA9EE4322715EDE0075D804 /* En_NumEnterVC.m */; };
		FCA9EE472271F48B0075D804 /* En_NumBaseModel.m in Sources */ = {isa = PBXBuildFile; fileRef = FCA9EE462271F48B0075D804 /* En_NumBaseModel.m */; };
		FCA9EE4A22730AF80075D804 /* En_Untils.m in Sources */ = {isa = PBXBuildFile; fileRef = FCA9EE4922730AF80075D804 /* En_Untils.m */; };
/* End PBXBuildFile section */

/* Begin PBXFileReference section */
		FC39D13C226B28CA006E4DCD /* En_BaseVC.h */ = {isa = PBXFileReference; lastKnownFileType = sourcecode.c.h; path = En_BaseVC.h; sourceTree = "<group>"; };
		FC39D13D226B28CA006E4DCD /* En_BaseVC.m */ = {isa = PBXFileReference; lastKnownFileType = sourcecode.c.objc; path = En_BaseVC.m; sourceTree = "<group>"; };
		FC39D13F226BF39C006E4DCD /* En_NumConBar.h */ = {isa = PBXFileReference; lastKnownFileType = sourcecode.c.h; path = En_NumConBar.h; sourceTree = "<group>"; };
		FC39D140226BF39C006E4DCD /* En_NumConBar.m */ = {isa = PBXFileReference; lastKnownFileType = sourcecode.c.objc; path = En_NumConBar.m; sourceTree = "<group>"; };
		FC39D142226BF3AF006E4DCD /* En_NumConBar.xib */ = {isa = PBXFileReference; lastKnownFileType = file.xib; path = En_NumConBar.xib; sourceTree = "<group>"; };
		FC39D14A226C026E006E4DCD /* En_NumRateView.h */ = {isa = PBXFileReference; lastKnownFileType = sourcecode.c.h; path = En_NumRateView.h; sourceTree = "<group>"; };
		FC39D14B226C026E006E4DCD /* En_NumRateView.m */ = {isa = PBXFileReference; lastKnownFileType = sourcecode.c.objc; path = En_NumRateView.m; sourceTree = "<group>"; };
		FC39D14D226C0296006E4DCD /* En_NumRangeView.h */ = {isa = PBXFileReference; lastKnownFileType = sourcecode.c.h; path = En_NumRangeView.h; sourceTree = "<group>"; };
		FC39D14E226C0296006E4DCD /* En_NumRangeView.m */ = {isa = PBXFileReference; lastKnownFileType = sourcecode.c.objc; path = En_NumRangeView.m; sourceTree = "<group>"; };
		FC39D150226C0353006E4DCD /* En_NumRangeCell.h */ = {isa = PBXFileReference; lastKnownFileType = sourcecode.c.h; path = En_NumRangeCell.h; sourceTree = "<group>"; };
		FC39D151226C0353006E4DCD /* En_NumRangeCell.m */ = {isa = PBXFileReference; lastKnownFileType = sourcecode.c.objc; path = En_NumRangeCell.m; sourceTree = "<group>"; };
		FC39D152226C0353006E4DCD /* En_NumRangeCell.xib */ = {isa = PBXFileReference; lastKnownFileType = file.xib; path = En_NumRangeCell.xib; sourceTree = "<group>"; };
		FC39D155226C0529006E4DCD /* En_NumRangeCModel.h */ = {isa = PBXFileReference; lastKnownFileType = sourcecode.c.h; path = En_NumRangeCModel.h; sourceTree = "<group>"; };
		FC39D156226C0529006E4DCD /* En_NumRangeCModel.m */ = {isa = PBXFileReference; lastKnownFileType = sourcecode.c.objc; path = En_NumRangeCModel.m; sourceTree = "<group>"; };
		FC39D158226C19C0006E4DCD /* En_NumRateCell.h */ = {isa = PBXFileReference; lastKnownFileType = sourcecode.c.h; path = En_NumRateCell.h; sourceTree = "<group>"; };
		FC39D159226C19C0006E4DCD /* En_NumRateCell.m */ = {isa = PBXFileReference; lastKnownFileType = sourcecode.c.objc; path = En_NumRateCell.m; sourceTree = "<group>"; };
		FC39D15A226C19C0006E4DCD /* En_NumRateCell.xib */ = {isa = PBXFileReference; lastKnownFileType = file.xib; path = En_NumRateCell.xib; sourceTree = "<group>"; };
		FC39D15D226C19D6006E4DCD /* En_NumRateCModel.h */ = {isa = PBXFileReference; lastKnownFileType = sourcecode.c.h; path = En_NumRateCModel.h; sourceTree = "<group>"; };
		FC39D15E226C19D6006E4DCD /* En_NumRateCModel.m */ = {isa = PBXFileReference; lastKnownFileType = sourcecode.c.objc; path = En_NumRateCModel.m; sourceTree = "<group>"; };
		FC39D160226C5553006E4DCD /* En_NumAnswerView.h */ = {isa = PBXFileReference; lastKnownFileType = sourcecode.c.h; path = En_NumAnswerView.h; sourceTree = "<group>"; };
		FC39D161226C5553006E4DCD /* En_NumAnswerView.m */ = {isa = PBXFileReference; lastKnownFileType = sourcecode.c.objc; path = En_NumAnswerView.m; sourceTree = "<group>"; };
		FC39D163226C573B006E4DCD /* En_NumAnCell.h */ = {isa = PBXFileReference; lastKnownFileType = sourcecode.c.h; path = En_NumAnCell.h; sourceTree = "<group>"; };
		FC39D164226C573B006E4DCD /* En_NumAnCell.m */ = {isa = PBXFileReference; lastKnownFileType = sourcecode.c.objc; path = En_NumAnCell.m; sourceTree = "<group>"; };
		FC39D165226C573B006E4DCD /* En_NumAnCell.xib */ = {isa = PBXFileReference; lastKnownFileType = file.xib; path = En_NumAnCell.xib; sourceTree = "<group>"; };
		FC39D168226C5835006E4DCD /* En_NumAnModel.h */ = {isa = PBXFileReference; lastKnownFileType = sourcecode.c.h; path = En_NumAnModel.h; sourceTree = "<group>"; };
		FC39D169226C5835006E4DCD /* En_NumAnModel.m */ = {isa = PBXFileReference; lastKnownFileType = sourcecode.c.objc; path = En_NumAnModel.m; sourceTree = "<group>"; };
		FC39D16B226C62C5006E4DCD /* En_NumOptView.h */ = {isa = PBXFileReference; lastKnownFileType = sourcecode.c.h; path = En_NumOptView.h; sourceTree = "<group>"; };
		FC39D16C226C62C5006E4DCD /* En_NumOptView.m */ = {isa = PBXFileReference; lastKnownFileType = sourcecode.c.objc; path = En_NumOptView.m; sourceTree = "<group>"; };
		FC39D16E226C6690006E4DCD /* En_NumOptCell.h */ = {isa = PBXFileReference; lastKnownFileType = sourcecode.c.h; path = En_NumOptCell.h; sourceTree = "<group>"; };
		FC39D16F226C6690006E4DCD /* En_NumOptCell.m */ = {isa = PBXFileReference; lastKnownFileType = sourcecode.c.objc; path = En_NumOptCell.m; sourceTree = "<group>"; };
		FC39D170226C6690006E4DCD /* En_NumOptCell.xib */ = {isa = PBXFileReference; lastKnownFileType = file.xib; path = En_NumOptCell.xib; sourceTree = "<group>"; };
		FC39D173226C6782006E4DCD /* En_NumOptCModel.h */ = {isa = PBXFileReference; lastKnownFileType = sourcecode.c.h; path = En_NumOptCModel.h; sourceTree = "<group>"; };
		FC39D174226C6782006E4DCD /* En_NumOptCModel.m */ = {isa = PBXFileReference; lastKnownFileType = sourcecode.c.objc; path = En_NumOptCModel.m; sourceTree = "<group>"; };
		FC39D179226DA619006E4DCD /* En_NumSouMo.h */ = {isa = PBXFileReference; lastKnownFileType = sourcecode.c.h; path = En_NumSouMo.h; sourceTree = "<group>"; };
		FC39D17A226DA619006E4DCD /* En_NumSouMo.m */ = {isa = PBXFileReference; lastKnownFileType = sourcecode.c.objc; path = En_NumSouMo.m; sourceTree = "<group>"; };
		FC401EB1226B0BD70000C194 /* En_MainSetView.xib */ = {isa = PBXFileReference; lastKnownFileType = file.xib; path = En_MainSetView.xib; sourceTree = "<group>"; };
		FC401EB6226B0D480000C194 /* En_NumVC.h */ = {isa = PBXFileReference; lastKnownFileType = sourcecode.c.h; path = En_NumVC.h; sourceTree = "<group>"; };
		FC401EB7226B0D480000C194 /* En_NumVC.m */ = {isa = PBXFileReference; lastKnownFileType = sourcecode.c.objc; path = En_NumVC.m; sourceTree = "<group>"; };
		FC61EE6E2269EB3600D0DA44 /* EnDICTATION.app */ = {isa = PBXFileReference; explicitFileType = wrapper.application; includeInIndex = 0; path = EnDICTATION.app; sourceTree = BUILT_PRODUCTS_DIR; };
		FC61EE712269EB3600D0DA44 /* AppDelegate.h */ = {isa = PBXFileReference; lastKnownFileType = sourcecode.c.h; path = AppDelegate.h; sourceTree = "<group>"; };
		FC61EE722269EB3600D0DA44 /* AppDelegate.m */ = {isa = PBXFileReference; lastKnownFileType = sourcecode.c.objc; path = AppDelegate.m; sourceTree = "<group>"; };
		FC61EE7A2269EB3800D0DA44 /* Assets.xcassets */ = {isa = PBXFileReference; lastKnownFileType = folder.assetcatalog; path = Assets.xcassets; sourceTree = "<group>"; };
		FC61EE7D2269EB3800D0DA44 /* Base */ = {isa = PBXFileReference; lastKnownFileType = file.storyboard; name = Base; path = Base.lproj/LaunchScreen.storyboard; sourceTree = "<group>"; };
		FC61EE7F2269EB3800D0DA44 /* Info.plist */ = {isa = PBXFileReference; lastKnownFileType = text.plist.xml; path = Info.plist; sourceTree = "<group>"; };
		FC61EE802269EB3800D0DA44 /* main.m */ = {isa = PBXFileReference; lastKnownFileType = sourcecode.c.objc; path = main.m; sourceTree = "<group>"; };
		FC61EE8E2269EBD600D0DA44 /* En_MainPageVC.h */ = {isa = PBXFileReference; lastKnownFileType = sourcecode.c.h; path = En_MainPageVC.h; sourceTree = "<group>"; };
		FC61EE8F2269EBD600D0DA44 /* En_MainPageVC.m */ = {isa = PBXFileReference; lastKnownFileType = sourcecode.c.objc; path = En_MainPageVC.m; sourceTree = "<group>"; };
		FC61EE912269ED4D00D0DA44 /* En_MainPageView.h */ = {isa = PBXFileReference; lastKnownFileType = sourcecode.c.h; path = En_MainPageView.h; sourceTree = "<group>"; };
		FC61EE922269ED4D00D0DA44 /* En_MainPageView.m */ = {isa = PBXFileReference; lastKnownFileType = sourcecode.c.objc; path = En_MainPageView.m; sourceTree = "<group>"; };
		FC61EE942269ED5600D0DA44 /* En_MainPageView.xib */ = {isa = PBXFileReference; lastKnownFileType = file.xib; path = En_MainPageView.xib; sourceTree = "<group>"; };
		FC61EE98226AB29E00D0DA44 /* NSString+Additions.m */ = {isa = PBXFileReference; fileEncoding = 4; lastKnownFileType = sourcecode.c.objc; path = "NSString+Additions.m"; sourceTree = "<group>"; };
		FC61EE99226AB29E00D0DA44 /* UIColor+Hex.m */ = {isa = PBXFileReference; fileEncoding = 4; lastKnownFileType = sourcecode.c.objc; path = "UIColor+Hex.m"; sourceTree = "<group>"; };
		FC61EE9A226AB29E00D0DA44 /* UIView+Frame.m */ = {isa = PBXFileReference; fileEncoding = 4; lastKnownFileType = sourcecode.c.objc; path = "UIView+Frame.m"; sourceTree = "<group>"; };
		FC61EE9D226AB29E00D0DA44 /* NSString+Additions.h */ = {isa = PBXFileReference; fileEncoding = 4; lastKnownFileType = sourcecode.c.h; path = "NSString+Additions.h"; sourceTree = "<group>"; };
		FC61EE9E226AB29E00D0DA44 /* UIColor+Hex.h */ = {isa = PBXFileReference; fileEncoding = 4; lastKnownFileType = sourcecode.c.h; path = "UIColor+Hex.h"; sourceTree = "<group>"; };
		FC61EE9F226AB29E00D0DA44 /* UIView+Frame.h */ = {isa = PBXFileReference; fileEncoding = 4; lastKnownFileType = sourcecode.c.h; path = "UIView+Frame.h"; sourceTree = "<group>"; };
		FC61EEA7226AB39800D0DA44 /* EnDICT.pch */ = {isa = PBXFileReference; lastKnownFileType = sourcecode.c.h; path = EnDICT.pch; sourceTree = "<group>"; };
		FC61EEA8226AB43200D0DA44 /* En_Const.h */ = {isa = PBXFileReference; lastKnownFileType = sourcecode.c.h; path = En_Const.h; sourceTree = "<group>"; };
		FC61EEA9226AB43200D0DA44 /* En_Const.m */ = {isa = PBXFileReference; lastKnownFileType = sourcecode.c.objc; path = En_Const.m; sourceTree = "<group>"; };
		FC61EEAF226B022F00D0DA44 /* En_MainSetVC.h */ = {isa = PBXFileReference; lastKnownFileType = sourcecode.c.h; path = En_MainSetVC.h; sourceTree = "<group>"; };
		FC61EEB0226B022F00D0DA44 /* En_MainSetVC.m */ = {isa = PBXFileReference; lastKnownFileType = sourcecode.c.objc; path = En_MainSetVC.m; sourceTree = "<group>"; };
		FC61EEB2226B025500D0DA44 /* En_MainSetView.h */ = {isa = PBXFileReference; lastKnownFileType = sourcecode.c.h; path = En_MainSetView.h; sourceTree = "<group>"; };
		FC61EEB3226B025500D0DA44 /* En_MainSetView.m */ = {isa = PBXFileReference; lastKnownFileType = sourcecode.c.objc; path = En_MainSetView.m; sourceTree = "<group>"; };
		FCA9EE3D2271514E0075D804 /* En_NumEnterView.h */ = {isa = PBXFileReference; lastKnownFileType = sourcecode.c.h; path = En_NumEnterView.h; sourceTree = "<group>"; };
		FCA9EE3E2271514E0075D804 /* En_NumEnterView.m */ = {isa = PBXFileReference; lastKnownFileType = sourcecode.c.objc; path = En_NumEnterView.m; sourceTree = "<group>"; };
		FCA9EE40227151610075D804 /* En_NumEnterView.xib */ = {isa = PBXFileReference; lastKnownFileType = file.xib; path = En_NumEnterView.xib; sourceTree = "<group>"; };
		FCA9EE4222715EDE0075D804 /* En_NumEnterVC.h */ = {isa = PBXFileReference; lastKnownFileType = sourcecode.c.h; path = En_NumEnterVC.h; sourceTree = "<group>"; };
		FCA9EE4322715EDE0075D804 /* En_NumEnterVC.m */ = {isa = PBXFileReference; lastKnownFileType = sourcecode.c.objc; path = En_NumEnterVC.m; sourceTree = "<group>"; };
		FCA9EE452271F48B0075D804 /* En_NumBaseModel.h */ = {isa = PBXFileReference; lastKnownFileType = sourcecode.c.h; path = En_NumBaseModel.h; sourceTree = "<group>"; };
		FCA9EE462271F48B0075D804 /* En_NumBaseModel.m */ = {isa = PBXFileReference; lastKnownFileType = sourcecode.c.objc; path = En_NumBaseModel.m; sourceTree = "<group>"; };
		FCA9EE4822730AF80075D804 /* En_Untils.h */ = {isa = PBXFileReference; lastKnownFileType = sourcecode.c.h; path = En_Untils.h; sourceTree = "<group>"; };
		FCA9EE4922730AF80075D804 /* En_Untils.m */ = {isa = PBXFileReference; lastKnownFileType = sourcecode.c.objc; path = En_Untils.m; sourceTree = "<group>"; };
/* End PBXFileReference section */

/* Begin PBXFrameworksBuildPhase section */
		FC61EE6B2269EB3600D0DA44 /* Frameworks */ = {
			isa = PBXFrameworksBuildPhase;
			buildActionMask = 2147483647;
			files = (
			);
			runOnlyForDeploymentPostprocessing = 0;
		};
/* End PBXFrameworksBuildPhase section */

/* Begin PBXGroup section */
		FC401EB3226B0D1C0000C194 /* Controller */ = {
			isa = PBXGroup;
			children = (
				FC401EB6226B0D480000C194 /* En_NumVC.h */,
				FC401EB7226B0D480000C194 /* En_NumVC.m */,
				FCA9EE4222715EDE0075D804 /* En_NumEnterVC.h */,
				FCA9EE4322715EDE0075D804 /* En_NumEnterVC.m */,
			);
			path = Controller;
			sourceTree = "<group>";
		};
		FC401EB4226B0D230000C194 /* View */ = {
			isa = PBXGroup;
			children = (
				FC39D13F226BF39C006E4DCD /* En_NumConBar.h */,
				FC39D140226BF39C006E4DCD /* En_NumConBar.m */,
				FC39D142226BF3AF006E4DCD /* En_NumConBar.xib */,
				FC39D14A226C026E006E4DCD /* En_NumRateView.h */,
				FC39D14B226C026E006E4DCD /* En_NumRateView.m */,
				FC39D14D226C0296006E4DCD /* En_NumRangeView.h */,
				FC39D14E226C0296006E4DCD /* En_NumRangeView.m */,
				FC39D150226C0353006E4DCD /* En_NumRangeCell.h */,
				FC39D151226C0353006E4DCD /* En_NumRangeCell.m */,
				FC39D152226C0353006E4DCD /* En_NumRangeCell.xib */,
				FC39D158226C19C0006E4DCD /* En_NumRateCell.h */,
				FC39D159226C19C0006E4DCD /* En_NumRateCell.m */,
				FC39D15A226C19C0006E4DCD /* En_NumRateCell.xib */,
				FC39D160226C5553006E4DCD /* En_NumAnswerView.h */,
				FC39D161226C5553006E4DCD /* En_NumAnswerView.m */,
				FC39D163226C573B006E4DCD /* En_NumAnCell.h */,
				FC39D164226C573B006E4DCD /* En_NumAnCell.m */,
				FC39D165226C573B006E4DCD /* En_NumAnCell.xib */,
				FC39D16B226C62C5006E4DCD /* En_NumOptView.h */,
				FC39D16C226C62C5006E4DCD /* En_NumOptView.m */,
				FC39D16E226C6690006E4DCD /* En_NumOptCell.h */,
				FC39D16F226C6690006E4DCD /* En_NumOptCell.m */,
				FC39D170226C6690006E4DCD /* En_NumOptCell.xib */,
				FCA9EE3D2271514E0075D804 /* En_NumEnterView.h */,
				FCA9EE3E2271514E0075D804 /* En_NumEnterView.m */,
				FCA9EE40227151610075D804 /* En_NumEnterView.xib */,
			);
			path = View;
			sourceTree = "<group>";
		};
		FC401EB5226B0D280000C194 /* Model */ = {
			isa = PBXGroup;
			children = (
				FC39D155226C0529006E4DCD /* En_NumRangeCModel.h */,
				FC39D156226C0529006E4DCD /* En_NumRangeCModel.m */,
				FC39D15D226C19D6006E4DCD /* En_NumRateCModel.h */,
				FC39D15E226C19D6006E4DCD /* En_NumRateCModel.m */,
				FC39D168226C5835006E4DCD /* En_NumAnModel.h */,
				FC39D169226C5835006E4DCD /* En_NumAnModel.m */,
				FC39D173226C6782006E4DCD /* En_NumOptCModel.h */,
				FC39D174226C6782006E4DCD /* En_NumOptCModel.m */,
				FC39D179226DA619006E4DCD /* En_NumSouMo.h */,
				FC39D17A226DA619006E4DCD /* En_NumSouMo.m */,
				FCA9EE452271F48B0075D804 /* En_NumBaseModel.h */,
				FCA9EE462271F48B0075D804 /* En_NumBaseModel.m */,
			);
			path = Model;
			sourceTree = "<group>";
		};
		FC61EE652269EB3600D0DA44 = {
			isa = PBXGroup;
			children = (
				FC61EE702269EB3600D0DA44 /* EnDICTATION */,
				FC61EE6F2269EB3600D0DA44 /* Products */,
			);
			sourceTree = "<group>";
		};
		FC61EE6F2269EB3600D0DA44 /* Products */ = {
			isa = PBXGroup;
			children = (
				FC61EE6E2269EB3600D0DA44 /* EnDICTATION.app */,
			);
			name = Products;
			sourceTree = "<group>";
		};
		FC61EE702269EB3600D0DA44 /* EnDICTATION */ = {
			isa = PBXGroup;
			children = (
				FC61EEA6226AB2E100D0DA44 /* Global */,
				FC61EE96226AB29E00D0DA44 /* Category */,
				FC61EE872269EB6800D0DA44 /* Modules */,
				FC61EE712269EB3600D0DA44 /* AppDelegate.h */,
				FC61EE722269EB3600D0DA44 /* AppDelegate.m */,
				FC61EE7A2269EB3800D0DA44 /* Assets.xcassets */,
				FC61EE7C2269EB3800D0DA44 /* LaunchScreen.storyboard */,
				FC61EE7F2269EB3800D0DA44 /* Info.plist */,
				FC61EE802269EB3800D0DA44 /* main.m */,
			);
			path = EnDICTATION;
			sourceTree = "<group>";
		};
		FC61EE872269EB6800D0DA44 /* Modules */ = {
			isa = PBXGroup;
			children = (
				FC61EEAB226B018700D0DA44 /* Setting */,
				FC61EE892269EB8B00D0DA44 /* Number */,
				FC61EE882269EB7900D0DA44 /* Main */,
			);
			path = Modules;
			sourceTree = "<group>";
		};
		FC61EE882269EB7900D0DA44 /* Main */ = {
			isa = PBXGroup;
			children = (
				FC61EE8D2269EBAB00D0DA44 /* View */,
				FC61EE8C2269EBA400D0DA44 /* Controller */,
			);
			path = Main;
			sourceTree = "<group>";
		};
		FC61EE892269EB8B00D0DA44 /* Number */ = {
			isa = PBXGroup;
			children = (
				FC401EB5226B0D280000C194 /* Model */,
				FC401EB4226B0D230000C194 /* View */,
				FC401EB3226B0D1C0000C194 /* Controller */,
			);
			path = Number;
			sourceTree = "<group>";
		};
		FC61EE8C2269EBA400D0DA44 /* Controller */ = {
			isa = PBXGroup;
			children = (
				FC61EE8E2269EBD600D0DA44 /* En_MainPageVC.h */,
				FC61EE8F2269EBD600D0DA44 /* En_MainPageVC.m */,
				FC39D13C226B28CA006E4DCD /* En_BaseVC.h */,
				FC39D13D226B28CA006E4DCD /* En_BaseVC.m */,
			);
			path = Controller;
			sourceTree = "<group>";
		};
		FC61EE8D2269EBAB00D0DA44 /* View */ = {
			isa = PBXGroup;
			children = (
				FC61EE912269ED4D00D0DA44 /* En_MainPageView.h */,
				FC61EE922269ED4D00D0DA44 /* En_MainPageView.m */,
				FC61EE942269ED5600D0DA44 /* En_MainPageView.xib */,
			);
			path = View;
			sourceTree = "<group>";
		};
		FC61EE96226AB29E00D0DA44 /* Category */ = {
			isa = PBXGroup;
			children = (
				FC61EE9D226AB29E00D0DA44 /* NSString+Additions.h */,
				FC61EE98226AB29E00D0DA44 /* NSString+Additions.m */,
				FC61EE9E226AB29E00D0DA44 /* UIColor+Hex.h */,
				FC61EE99226AB29E00D0DA44 /* UIColor+Hex.m */,
				FC61EE9F226AB29E00D0DA44 /* UIView+Frame.h */,
				FC61EE9A226AB29E00D0DA44 /* UIView+Frame.m */,
			);
			path = Category;
			sourceTree = "<group>";
		};
		FC61EEA6226AB2E100D0DA44 /* Global */ = {
			isa = PBXGroup;
			children = (
				FC61EEA7226AB39800D0DA44 /* EnDICT.pch */,
				FC61EEA8226AB43200D0DA44 /* En_Const.h */,
				FC61EEA9226AB43200D0DA44 /* En_Const.m */,
				FCA9EE4822730AF80075D804 /* En_Untils.h */,
				FCA9EE4922730AF80075D804 /* En_Untils.m */,
			);
			path = Global;
			sourceTree = "<group>";
		};
		FC61EEAB226B018700D0DA44 /* Setting */ = {
			isa = PBXGroup;
			children = (
				FC61EEAE226B021400D0DA44 /* View */,
				FC61EEAC226B020500D0DA44 /* Controller */,
			);
			path = Setting;
			sourceTree = "<group>";
		};
		FC61EEAC226B020500D0DA44 /* Controller */ = {
			isa = PBXGroup;
			children = (
				FC61EEAF226B022F00D0DA44 /* En_MainSetVC.h */,
				FC61EEB0226B022F00D0DA44 /* En_MainSetVC.m */,
			);
			path = Controller;
			sourceTree = "<group>";
		};
		FC61EEAE226B021400D0DA44 /* View */ = {
			isa = PBXGroup;
			children = (
				FC61EEB2226B025500D0DA44 /* En_MainSetView.h */,
				FC61EEB3226B025500D0DA44 /* En_MainSetView.m */,
				FC401EB1226B0BD70000C194 /* En_MainSetView.xib */,
			);
			path = View;
			sourceTree = "<group>";
		};
/* End PBXGroup section */

/* Begin PBXNativeTarget section */
		FC61EE6D2269EB3600D0DA44 /* EnDICTATION */ = {
			isa = PBXNativeTarget;
			buildConfigurationList = FC61EE842269EB3800D0DA44 /* Build configuration list for PBXNativeTarget "EnDICTATION" */;
			buildPhases = (
				FC61EE6A2269EB3600D0DA44 /* Sources */,
				FC61EE6B2269EB3600D0DA44 /* Frameworks */,
				FC61EE6C2269EB3600D0DA44 /* Resources */,
			);
			buildRules = (
			);
			dependencies = (
			);
			name = EnDICTATION;
			productName = EnDICTATION;
			productReference = FC61EE6E2269EB3600D0DA44 /* EnDICTATION.app */;
			productType = "com.apple.product-type.application";
		};
/* End PBXNativeTarget section */

/* Begin PBXProject section */
		FC61EE662269EB3600D0DA44 /* Project object */ = {
			isa = PBXProject;
			attributes = {
				LastUpgradeCheck = 1000;
				ORGANIZATIONNAME = "Space Zhong";
				TargetAttributes = {
					FC61EE6D2269EB3600D0DA44 = {
						CreatedOnToolsVersion = 10.0;
					};
				};
			};
			buildConfigurationList = FC61EE692269EB3600D0DA44 /* Build configuration list for PBXProject "EnDICTATION" */;
			compatibilityVersion = "Xcode 9.3";
			developmentRegion = en;
			hasScannedForEncodings = 0;
			knownRegions = (
				en,
				Base,
			);
			mainGroup = FC61EE652269EB3600D0DA44;
			productRefGroup = FC61EE6F2269EB3600D0DA44 /* Products */;
			projectDirPath = "";
			projectRoot = "";
			targets = (
				FC61EE6D2269EB3600D0DA44 /* EnDICTATION */,
			);
		};
/* End PBXProject section */

/* Begin PBXResourcesBuildPhase section */
		FC61EE6C2269EB3600D0DA44 /* Resources */ = {
			isa = PBXResourcesBuildPhase;
			buildActionMask = 2147483647;
			files = (
				FC39D172226C6690006E4DCD /* En_NumOptCell.xib in Resources */,
				FC61EE7E2269EB3800D0DA44 /* LaunchScreen.storyboard in Resources */,
				FC39D15C226C19C0006E4DCD /* En_NumRateCell.xib in Resources */,
				FC39D167226C573B006E4DCD /* En_NumAnCell.xib in Resources */,
				FC401EB2226B0BD70000C194 /* En_MainSetView.xib in Resources */,
				FCA9EE41227151610075D804 /* En_NumEnterView.xib in Resources */,
				FC39D154226C0353006E4DCD /* En_NumRangeCell.xib in Resources */,
				FC61EE7B2269EB3800D0DA44 /* Assets.xcassets in Resources */,
				FC39D143226BF3AF006E4DCD /* En_NumConBar.xib in Resources */,
				FC61EE952269ED5600D0DA44 /* En_MainPageView.xib in Resources */,
			);
			runOnlyForDeploymentPostprocessing = 0;
		};
/* End PBXResourcesBuildPhase section */

/* Begin PBXSourcesBuildPhase section */
		FC61EE6A2269EB3600D0DA44 /* Sources */ = {
			isa = PBXSourcesBuildPhase;
			buildActionMask = 2147483647;
			files = (
				FC39D141226BF39C006E4DCD /* En_NumConBar.m in Sources */,
				FC61EEA4226AB29E00D0DA44 /* UIView+Frame.m in Sources */,
				FC39D166226C573B006E4DCD /* En_NumAnCell.m in Sources */,
				FC61EE812269EB3800D0DA44 /* main.m in Sources */,
				FC61EE732269EB3600D0DA44 /* AppDelegate.m in Sources */,
				FC39D153226C0353006E4DCD /* En_NumRangeCell.m in Sources */,
				FC39D14C226C026E006E4DCD /* En_NumRateView.m in Sources */,
				FCA9EE472271F48B0075D804 /* En_NumBaseModel.m in Sources */,
				FC39D17B226DA619006E4DCD /* En_NumSouMo.m in Sources */,
				FC39D16D226C62C5006E4DCD /* En_NumOptView.m in Sources */,
				FC61EEB1226B022F00D0DA44 /* En_MainSetVC.m in Sources */,
				FC39D14F226C0296006E4DCD /* En_NumRangeView.m in Sources */,
				FCA9EE3F2271514E0075D804 /* En_NumEnterView.m in Sources */,
				FC61EE902269EBD600D0DA44 /* En_MainPageVC.m in Sources */,
				FC61EEA3226AB29E00D0DA44 /* UIColor+Hex.m in Sources */,
				FC39D157226C0529006E4DCD /* En_NumRangeCModel.m in Sources */,
				FC401EB8226B0D480000C194 /* En_NumVC.m in Sources */,
				FC39D175226C6782006E4DCD /* En_NumOptCModel.m in Sources */,
				FC39D13E226B28CA006E4DCD /* En_BaseVC.m in Sources */,
				FC39D15F226C19D6006E4DCD /* En_NumRateCModel.m in Sources */,
				FCA9EE4422715EDE0075D804 /* En_NumEnterVC.m in Sources */,
				FCA9EE4A22730AF80075D804 /* En_Untils.m in Sources */,
				FC39D162226C5553006E4DCD /* En_NumAnswerView.m in Sources */,
				FC39D16A226C5835006E4DCD /* En_NumAnModel.m in Sources */,
				FC39D15B226C19C0006E4DCD /* En_NumRateCell.m in Sources */,
				FC61EE932269ED4D00D0DA44 /* En_MainPageView.m in Sources */,
				FC61EEB4226B025500D0DA44 /* En_MainSetView.m in Sources */,
				FC61EEAA226AB43200D0DA44 /* En_Const.m in Sources */,
				FC61EEA2226AB29E00D0DA44 /* NSString+Additions.m in Sources */,
				FC39D171226C6690006E4DCD /* En_NumOptCell.m in Sources */,
			);
			runOnlyForDeploymentPostprocessing = 0;
		};
/* End PBXSourcesBuildPhase section */

/* Begin PBXVariantGroup section */
		FC61EE7C2269EB3800D0DA44 /* LaunchScreen.storyboard */ = {
			isa = PBXVariantGroup;
			children = (
				FC61EE7D2269EB3800D0DA44 /* Base */,
			);
			name = LaunchScreen.storyboard;
			sourceTree = "<group>";
		};
/* End PBXVariantGroup section */

/* Begin XCBuildConfiguration section */
		FC61EE822269EB3800D0DA44 /* Debug */ = {
			isa = XCBuildConfiguration;
			buildSettings = {
				ALWAYS_SEARCH_USER_PATHS = NO;
				CLANG_ANALYZER_NONNULL = YES;
				CLANG_ANALYZER_NUMBER_OBJECT_CONVERSION = YES_AGGRESSIVE;
				CLANG_CXX_LANGUAGE_STANDARD = "gnu++14";
				CLANG_CXX_LIBRARY = "libc++";
				CLANG_ENABLE_MODULES = YES;
				CLANG_ENABLE_OBJC_ARC = YES;
				CLANG_ENABLE_OBJC_WEAK = YES;
				CLANG_WARN_BLOCK_CAPTURE_AUTORELEASING = YES;
				CLANG_WARN_BOOL_CONVERSION = YES;
				CLANG_WARN_COMMA = YES;
				CLANG_WARN_CONSTANT_CONVERSION = YES;
				CLANG_WARN_DEPRECATED_OBJC_IMPLEMENTATIONS = YES;
				CLANG_WARN_DIRECT_OBJC_ISA_USAGE = YES_ERROR;
				CLANG_WARN_DOCUMENTATION_COMMENTS = YES;
				CLANG_WARN_EMPTY_BODY = YES;
				CLANG_WARN_ENUM_CONVERSION = YES;
				CLANG_WARN_INFINITE_RECURSION = YES;
				CLANG_WARN_INT_CONVERSION = YES;
				CLANG_WARN_NON_LITERAL_NULL_CONVERSION = YES;
				CLANG_WARN_OBJC_IMPLICIT_RETAIN_SELF = YES;
				CLANG_WARN_OBJC_LITERAL_CONVERSION = YES;
				CLANG_WARN_OBJC_ROOT_CLASS = YES_ERROR;
				CLANG_WARN_RANGE_LOOP_ANALYSIS = YES;
				CLANG_WARN_STRICT_PROTOTYPES = YES;
				CLANG_WARN_SUSPICIOUS_MOVE = YES;
				CLANG_WARN_UNGUARDED_AVAILABILITY = YES_AGGRESSIVE;
				CLANG_WARN_UNREACHABLE_CODE = YES;
				CLANG_WARN__DUPLICATE_METHOD_MATCH = YES;
				CODE_SIGN_IDENTITY = "iPhone Developer";
				COPY_PHASE_STRIP = NO;
				DEBUG_INFORMATION_FORMAT = dwarf;
				ENABLE_STRICT_OBJC_MSGSEND = YES;
				ENABLE_TESTABILITY = YES;
				GCC_C_LANGUAGE_STANDARD = gnu11;
				GCC_DYNAMIC_NO_PIC = NO;
				GCC_NO_COMMON_BLOCKS = YES;
				GCC_OPTIMIZATION_LEVEL = 0;
				GCC_PREPROCESSOR_DEFINITIONS = (
					"DEBUG=1",
					"$(inherited)",
				);
				GCC_WARN_64_TO_32_BIT_CONVERSION = YES;
				GCC_WARN_ABOUT_RETURN_TYPE = YES_ERROR;
				GCC_WARN_UNDECLARED_SELECTOR = YES;
				GCC_WARN_UNINITIALIZED_AUTOS = YES_AGGRESSIVE;
				GCC_WARN_UNUSED_FUNCTION = YES;
				GCC_WARN_UNUSED_VARIABLE = YES;
				IPHONEOS_DEPLOYMENT_TARGET = 12.0;
				MTL_ENABLE_DEBUG_INFO = INCLUDE_SOURCE;
				MTL_FAST_MATH = YES;
				ONLY_ACTIVE_ARCH = YES;
				SDKROOT = iphoneos;
			};
			name = Debug;
		};
		FC61EE832269EB3800D0DA44 /* Release */ = {
			isa = XCBuildConfiguration;
			buildSettings = {
				ALWAYS_SEARCH_USER_PATHS = NO;
				CLANG_ANALYZER_NONNULL = YES;
				CLANG_ANALYZER_NUMBER_OBJECT_CONVERSION = YES_AGGRESSIVE;
				CLANG_CXX_LANGUAGE_STANDARD = "gnu++14";
				CLANG_CXX_LIBRARY = "libc++";
				CLANG_ENABLE_MODULES = YES;
				CLANG_ENABLE_OBJC_ARC = YES;
				CLANG_ENABLE_OBJC_WEAK = YES;
				CLANG_WARN_BLOCK_CAPTURE_AUTORELEASING = YES;
				CLANG_WARN_BOOL_CONVERSION = YES;
				CLANG_WARN_COMMA = YES;
				CLANG_WARN_CONSTANT_CONVERSION = YES;
				CLANG_WARN_DEPRECATED_OBJC_IMPLEMENTATIONS = YES;
				CLANG_WARN_DIRECT_OBJC_ISA_USAGE = YES_ERROR;
				CLANG_WARN_DOCUMENTATION_COMMENTS = YES;
				CLANG_WARN_EMPTY_BODY = YES;
				CLANG_WARN_ENUM_CONVERSION = YES;
				CLANG_WARN_INFINITE_RECURSION = YES;
				CLANG_WARN_INT_CONVERSION = YES;
				CLANG_WARN_NON_LITERAL_NULL_CONVERSION = YES;
				CLANG_WARN_OBJC_IMPLICIT_RETAIN_SELF = YES;
				CLANG_WARN_OBJC_LITERAL_CONVERSION = YES;
				CLANG_WARN_OBJC_ROOT_CLASS = YES_ERROR;
				CLANG_WARN_RANGE_LOOP_ANALYSIS = YES;
				CLANG_WARN_STRICT_PROTOTYPES = YES;
				CLANG_WARN_SUSPICIOUS_MOVE = YES;
				CLANG_WARN_UNGUARDED_AVAILABILITY = YES_AGGRESSIVE;
				CLANG_WARN_UNREACHABLE_CODE = YES;
				CLANG_WARN__DUPLICATE_METHOD_MATCH = YES;
				CODE_SIGN_IDENTITY = "iPhone Developer";
				COPY_PHASE_STRIP = NO;
				DEBUG_INFORMATION_FORMAT = "dwarf-with-dsym";
				ENABLE_NS_ASSERTIONS = NO;
				ENABLE_STRICT_OBJC_MSGSEND = YES;
				GCC_C_LANGUAGE_STANDARD = gnu11;
				GCC_NO_COMMON_BLOCKS = YES;
				GCC_WARN_64_TO_32_BIT_CONVERSION = YES;
				GCC_WARN_ABOUT_RETURN_TYPE = YES_ERROR;
				GCC_WARN_UNDECLARED_SELECTOR = YES;
				GCC_WARN_UNINITIALIZED_AUTOS = YES_AGGRESSIVE;
				GCC_WARN_UNUSED_FUNCTION = YES;
				GCC_WARN_UNUSED_VARIABLE = YES;
				IPHONEOS_DEPLOYMENT_TARGET = 12.0;
				MTL_ENABLE_DEBUG_INFO = NO;
				MTL_FAST_MATH = YES;
				SDKROOT = iphoneos;
				VALIDATE_PRODUCT = YES;
			};
			name = Release;
		};
		FC61EE852269EB3800D0DA44 /* Debug */ = {
			isa = XCBuildConfiguration;
			buildSettings = {
				ASSETCATALOG_COMPILER_APPICON_NAME = AppIcon;
				CODE_SIGN_IDENTITY = "iPhone Distribution";
				CODE_SIGN_STYLE = Manual;
				DEVELOPMENT_TEAM = 8U28P45B5T;
				GCC_PREFIX_HEADER = "$(PROJECT_DIR)/EnDICTATION/Global/EnDICT.pch";
				INFOPLIST_FILE = EnDICTATION/Info.plist;
				LD_RUNPATH_SEARCH_PATHS = (
					"$(inherited)",
					"@executable_path/Frameworks",
				);
				PRODUCT_BUNDLE_IDENTIFIER = Space.EnDICTATION;
				PRODUCT_NAME = "$(TARGET_NAME)";
				PROVISIONING_PROFILE_SPECIFIER = En_Prov;
				TARGETED_DEVICE_FAMILY = 1;
			};
			name = Debug;
		};
		FC61EE862269EB3800D0DA44 /* Release */ = {
			isa = XCBuildConfiguration;
			buildSettings = {
				ASSETCATALOG_COMPILER_APPICON_NAME = AppIcon;
				CODE_SIGN_IDENTITY = "iPhone Distribution";
				CODE_SIGN_STYLE = Manual;
				DEVELOPMENT_TEAM = 8U28P45B5T;
				GCC_PREFIX_HEADER = "$(PROJECT_DIR)/EnDICTATION/Global/EnDICT.pch";
				INFOPLIST_FILE = EnDICTATION/Info.plist;
				LD_RUNPATH_SEARCH_PATHS = (
					"$(inherited)",
					"@executable_path/Frameworks",
				);
				PRODUCT_BUNDLE_IDENTIFIER = Space.EnDICTATION;
				PRODUCT_NAME = "$(TARGET_NAME)";
				PROVISIONING_PROFILE_SPECIFIER = En_Prov;
				TARGETED_DEVICE_FAMILY = 1;
			};
			name = Release;
		};
/* End XCBuildConfiguration section */

/* Begin XCConfigurationList section */
		FC61EE692269EB3600D0DA44 /* Build configuration list for PBXProject "EnDICTATION" */ = {
			isa = XCConfigurationList;
			buildConfigurations = (
				FC61EE822269EB3800D0DA44 /* Debug */,
				FC61EE832269EB3800D0DA44 /* Release */,
			);
			defaultConfigurationIsVisible = 0;
			defaultConfigurationName = Release;
		};
		FC61EE842269EB3800D0DA44 /* Build configuration list for PBXNativeTarget "EnDICTATION" */ = {
			isa = XCConfigurationList;
			buildConfigurations = (
				FC61EE852269EB3800D0DA44 /* Debug */,
				FC61EE862269EB3800D0DA44 /* Release */,
			);
			defaultConfigurationIsVisible = 0;
			defaultConfigurationName = Release;
		};
/* End XCConfigurationList section */
	};
	rootObject = FC61EE662269EB3600D0DA44 /* Project object */;
}
